Microsoft Visual Studio Solution File, Format Version 10.00
# Visual Studio 2008
Project("{FAE04EC0-301F-11D3-BF4B-00C04F79EFBC}") = "ReportGenerator", "ReportGenerator.csproj", "{1489F1BD-4E32-4A0E-9613-241A87836FBC}"
EndProject
Project("{FAE04EC0-301F-11D3-BF4B-00C04F79EFBC}") = "SystemsAnalysis.Utils.ArcObjects.MapControl.PanZoom", "ArcObjectsUtils\MapControlUtils\PanZoom_Commands\SystemsAnalysis.Utils.ArcObjects.MapControl.PanZoom.csproj", "{120CF791-801E-4669-8D65-174DCABF47EC}"
EndProject
Project("{FAE04EC0-301F-11D3-BF4B-00C04F79EFBC}") = "SystemsAnalysis.Utils.ArcObjects.MapControl.SelectCommands", "ArcObjectsUtils\MapControlUtils\Select_Commands\SystemsAnalysis.Utils.ArcObjects.MapControl.SelectCommands.csproj", "{63AD8943-A61C-4AC7-B6F8-DA20E063E64F}"
EndProject
Project("{FAE04EC0-301F-11D3-BF4B-00C04F79EFBC}") = "SystemsAnalysis.Modeling", "Modeling\SystemsAnalysis.Modeling.csproj", "{54555B74-906E-4D29-9BC3-7653805B6AD0}"
EndProject
Project("{FAE04EC0-301F-11D3-BF4B-00C04F79EFBC}") = "SystemsAnalysis.DataAccess", "DataAccess\SystemsAnalysis.DataAccess.csproj", "{D81499E0-ED3E-4C85-9F8E-72C263AA24C4}"
EndProject
Project("{FAE04EC0-301F-11D3-BF4B-00C04F79EFBC}") = "SystemsAnalysis.Utils.ArcObjects.MapControl.MapControlHelper", "ArcObjectsUtils\MapControlUtils\MapControlHelper\SystemsAnalysis.Utils.ArcObjects.MapControl.MapControlHelper.csproj", "{D08971DD-9DAD-4DE1-88CA-35EE30AB6B23}"
EndProject
Project("{FAE04EC0-301F-11D3-BF4B-00C04F79EFBC}") = "SystemsAnalysis.Types", "Types\SystemsAnalysis.Types.csproj", "{AFB81561-9859-4FA2-86AD-0C6833488E41}"
EndProject
Project("{FAE04EC0-301F-11D3-BF4B-00C04F79EFBC}") = "SystemsAnalysis.Modeling.PumpStations", "PumpStations\SystemsAnalysis.Modeling.PumpStations.csproj", "{3623E8C3-4DFB-4635-801C-C577328937C3}"
EndProject
Project("{FAE04EC0-301F-11D3-BF4B-00C04F79EFBC}") = "SystemsAnalysis.Modeling.ModelResults", "ModelResults\SystemsAnalysis.Modeling.ModelResults.csproj", "{F1A132E6-4C70-4303-AFC2-82938D0F557A}"
EndProject
Project("{FAE04EC0-301F-11D3-BF4B-00C04F79EFBC}") = "SystemsAnalysis.Utils.Events", "DotNetUtils\Events\SystemsAnalysis.Utils.Events.csproj", "{9AE8BF25-3ABF-402D-BC63-841E8588D20C}"
EndProject
Project("{FAE04EC0-301F-11D3-BF4B-00C04F79EFBC}") = "SystemsAnalysis.Modeling.Alternatives", "Alternatives\SystemsAnalysis.Modeling.Alternatives.csproj", "{D5E4B31B-D773-4877-9008-80F74475DE93}"
EndProject
Project("{FAE04EC0-301F-11D3-BF4B-00C04F79EFBC}") = "SystemsAnalysis.Reporting.ReportLibraries", "ReportLibraries\SystemsAnalysis.Reporting.ReportLibraries.csproj", "{5B1CB42C-93D9-4C90-902B-AF403D8ECED8}"
EndProject
Project("{FAE04EC0-301F-11D3-BF4B-00C04F79EFBC}") = "SystemsAnalysis.ModelConstruction.ModelBuilder", "ModelBuilder\ModelBuilder\SystemsAnalysis.ModelConstruction.ModelBuilder.csproj", "{B6E1DEF7-D4EB-4D0A-8867-A324FE226D34}"
EndProject
Project("{FAE04EC0-301F-11D3-BF4B-00C04F79EFBC}") = "SystemsAnalysis.ModelConstruction.ModelConfiguration", "ModelBuilder\ModelConfiguration\SystemsAnalysis.ModelConstruction.ModelConfiguration.csproj", "{19DE0713-65B7-4D46-A537-49704F93CB90}"
EndProject
Project("{FAE04EC0-301F-11D3-BF4B-00C04F79EFBC}") = "SystemsAnalysis.Tracer.FeatureClassTracer", "ArcObjectsUtils\FeatureClassTracer\TracerExtension\SystemsAnalysis.Tracer.FeatureClassTracer.csproj", "{D25581F1-959E-4E80-8F11-C393ACD9B916}"
EndProject
Project("{FAE04EC0-301F-11D3-BF4B-00C04F79EFBC}") = "ESRIUtils", "ArcObjectsUtils\CGISUtils\ESRIUtils\ESRIUtils.csproj", "{0DC0D232-8ACF-4CDB-B1C1-C850500BD8A7}"
EndProject
Project("{FAE04EC0-301F-11D3-BF4B-00C04F79EFBC}") = "SystemsAnalysis.Tracer", "Tracer\SystemsAnalysis.Tracer.csproj", "{C8B24858-1D99-4519-9A1D-CF129CED9ADA}"
EndProject
Project("{FAE04EC0-301F-11D3-BF4B-00C04F79EFBC}") = "SystemsAnalysis.Modeling.ModelUtils.ResultsExtractor", "ModelingUtils\ResultsExtractor\SystemsAnalysis.Modeling.ModelUtils.ResultsExtractor.csproj", "{AA8663B3-4B31-4F11-BD73-9CC3EF99101F}"
EndProject
Project("{F184B08F-C81C-45F6-A57F-5ABD9991F28F}") = "INIFile", "DotNetUtils\INIFile\INIFile.vbproj", "{61209491-B242-4237-A7B3-A6196906471A}"
EndProject
Project("{54435603-DBB4-11D2-8724-00A0C9A8B90C}") = "ReportGeneratorSetup", "ReportGeneratorSetup\ReportGeneratorSetup.vdproj", "{5A60686C-3D45-4AEB-B0F7-6560C51F5A79}"
EndProject
Project("{2150E333-8FDC-42A3-9474-1A3956D46DE8}") = "Solution Items", "Solution Items", "{57666C31-A47A-4250-9BA9-B0DFFF0B9063}"
EndProject
Global
	GlobalSection(SolutionConfigurationPlatforms) = preSolution
		Debug|Any CPU = Debug|Any CPU
		Release|Any CPU = Release|Any CPU
	EndGlobalSection
	GlobalSection(ProjectConfigurationPlatforms) = postSolution
		{1489F1BD-4E32-4A0E-9613-241A87836FBC}.Debug|Any CPU.ActiveCfg = Debug|Any CPU
		{1489F1BD-4E32-4A0E-9613-241A87836FBC}.Debug|Any CPU.Build.0 = Debug|Any CPU
		{1489F1BD-4E32-4A0E-9613-241A87836FBC}.Release|Any CPU.ActiveCfg = Release|Any CPU
		{1489F1BD-4E32-4A0E-9613-241A87836FBC}.Release|Any CPU.Build.0 = Release|Any CPU
		{120CF791-801E-4669-8D65-174DCABF47EC}.Debug|Any CPU.ActiveCfg = Debug|Any CPU
		{120CF791-801E-4669-8D65-174DCABF47EC}.Debug|Any CPU.Build.0 = Debug|Any CPU
		{120CF791-801E-4669-8D65-174DCABF47EC}.Release|Any CPU.ActiveCfg = Release|Any CPU
		{120CF791-801E-4669-8D65-174DCABF47EC}.Release|Any CPU.Build.0 = Release|Any CPU
		{63AD8943-A61C-4AC7-B6F8-DA20E063E64F}.Debug|Any CPU.ActiveCfg = Debug|Any CPU
		{63AD8943-A61C-4AC7-B6F8-DA20E063E64F}.Debug|Any CPU.Build.0 = Debug|Any CPU
		{63AD8943-A61C-4AC7-B6F8-DA20E063E64F}.Release|Any CPU.ActiveCfg = Release|Any CPU
		{63AD8943-A61C-4AC7-B6F8-DA20E063E64F}.Release|Any CPU.Build.0 = Release|Any CPU
		{54555B74-906E-4D29-9BC3-7653805B6AD0}.Debug|Any CPU.ActiveCfg = Debug|Any CPU
		{54555B74-906E-4D29-9BC3-7653805B6AD0}.Debug|Any CPU.Build.0 = Debug|Any CPU
		{54555B74-906E-4D29-9BC3-7653805B6AD0}.Release|Any CPU.ActiveCfg = Release|Any CPU
		{54555B74-906E-4D29-9BC3-7653805B6AD0}.Release|Any CPU.Build.0 = Release|Any CPU
		{D81499E0-ED3E-4C85-9F8E-72C263AA24C4}.Debug|Any CPU.ActiveCfg = Debug|Any CPU
		{D81499E0-ED3E-4C85-9F8E-72C263AA24C4}.Debug|Any CPU.Build.0 = Debug|Any CPU
		{D81499E0-ED3E-4C85-9F8E-72C263AA24C4}.Release|Any CPU.ActiveCfg = Release|Any CPU
		{D81499E0-ED3E-4C85-9F8E-72C263AA24C4}.Release|Any CPU.Build.0 = Release|Any CPU
		{D08971DD-9DAD-4DE1-88CA-35EE30AB6B23}.Debug|Any CPU.ActiveCfg = Debug|Any CPU
		{D08971DD-9DAD-4DE1-88CA-35EE30AB6B23}.Debug|Any CPU.Build.0 = Debug|Any CPU
		{D08971DD-9DAD-4DE1-88CA-35EE30AB6B23}.Release|Any CPU.ActiveCfg = Release|Any CPU
		{D08971DD-9DAD-4DE1-88CA-35EE30AB6B23}.Release|Any CPU.Build.0 = Release|Any CPU
		{AFB81561-9859-4FA2-86AD-0C6833488E41}.Debug|Any CPU.ActiveCfg = Debug|Any CPU
		{AFB81561-9859-4FA2-86AD-0C6833488E41}.Debug|Any CPU.Build.0 = Debug|Any CPU
		{AFB81561-9859-4FA2-86AD-0C6833488E41}.Release|Any CPU.ActiveCfg = Release|Any CPU
		{AFB81561-9859-4FA2-86AD-0C6833488E41}.Release|Any CPU.Build.0 = Release|Any CPU
		{3623E8C3-4DFB-4635-801C-C577328937C3}.Debug|Any CPU.ActiveCfg = Debug|Any CPU
		{3623E8C3-4DFB-4635-801C-C577328937C3}.Debug|Any CPU.Build.0 = Debug|Any CPU
		{3623E8C3-4DFB-4635-801C-C577328937C3}.Release|Any CPU.ActiveCfg = Release|Any CPU
		{3623E8C3-4DFB-4635-801C-C577328937C3}.Release|Any CPU.Build.0 = Release|Any CPU
		{F1A132E6-4C70-4303-AFC2-82938D0F557A}.Debug|Any CPU.ActiveCfg = Debug|Any CPU
		{F1A132E6-4C70-4303-AFC2-82938D0F557A}.Debug|Any CPU.Build.0 = Debug|Any CPU
		{F1A132E6-4C70-4303-AFC2-82938D0F557A}.Release|Any CPU.ActiveCfg = Release|Any CPU
		{F1A132E6-4C70-4303-AFC2-82938D0F557A}.Release|Any CPU.Build.0 = Release|Any CPU
		{9AE8BF25-3ABF-402D-BC63-841E8588D20C}.Debug|Any CPU.ActiveCfg = Debug|Any CPU
		{9AE8BF25-3ABF-402D-BC63-841E8588D20C}.Debug|Any CPU.Build.0 = Debug|Any CPU
		{9AE8BF25-3ABF-402D-BC63-841E8588D20C}.Release|Any CPU.ActiveCfg = Release|Any CPU
		{9AE8BF25-3ABF-402D-BC63-841E8588D20C}.Release|Any CPU.Build.0 = Release|Any CPU
		{D5E4B31B-D773-4877-9008-80F74475DE93}.Debug|Any CPU.ActiveCfg = Debug|Any CPU
		{D5E4B31B-D773-4877-9008-80F74475DE93}.Debug|Any CPU.Build.0 = Debug|Any CPU
		{D5E4B31B-D773-4877-9008-80F74475DE93}.Release|Any CPU.ActiveCfg = Release|Any CPU
		{D5E4B31B-D773-4877-9008-80F74475DE93}.Release|Any CPU.Build.0 = Release|Any CPU
		{5B1CB42C-93D9-4C90-902B-AF403D8ECED8}.Debug|Any CPU.ActiveCfg = Debug|Any CPU
		{5B1CB42C-93D9-4C90-902B-AF403D8ECED8}.Debug|Any CPU.Build.0 = Debug|Any CPU
		{5B1CB42C-93D9-4C90-902B-AF403D8ECED8}.Release|Any CPU.ActiveCfg = Release|Any CPU
		{5B1CB42C-93D9-4C90-902B-AF403D8ECED8}.Release|Any CPU.Build.0 = Release|Any CPU
		{B6E1DEF7-D4EB-4D0A-8867-A324FE226D34}.Debug|Any CPU.ActiveCfg = Debug|Any CPU
		{B6E1DEF7-D4EB-4D0A-8867-A324FE226D34}.Debug|Any CPU.Build.0 = Debug|Any CPU
		{B6E1DEF7-D4EB-4D0A-8867-A324FE226D34}.Release|Any CPU.ActiveCfg = Release|Any CPU
		{B6E1DEF7-D4EB-4D0A-8867-A324FE226D34}.Release|Any CPU.Build.0 = Release|Any CPU
		{19DE0713-65B7-4D46-A537-49704F93CB90}.Debug|Any CPU.ActiveCfg = Debug|Any CPU
		{19DE0713-65B7-4D46-A537-49704F93CB90}.Debug|Any CPU.Build.0 = Debug|Any CPU
		{19DE0713-65B7-4D46-A537-49704F93CB90}.Release|Any CPU.ActiveCfg = Release|Any CPU
		{19DE0713-65B7-4D46-A537-49704F93CB90}.Release|Any CPU.Build.0 = Release|Any CPU
		{D25581F1-959E-4E80-8F11-C393ACD9B916}.Debug|Any CPU.ActiveCfg = Debug|Any CPU
		{D25581F1-959E-4E80-8F11-C393ACD9B916}.Debug|Any CPU.Build.0 = Debug|Any CPU
		{D25581F1-959E-4E80-8F11-C393ACD9B916}.Release|Any CPU.ActiveCfg = Release|Any CPU
		{D25581F1-959E-4E80-8F11-C393ACD9B916}.Release|Any CPU.Build.0 = Release|Any CPU
		{0DC0D232-8ACF-4CDB-B1C1-C850500BD8A7}.Debug|Any CPU.ActiveCfg = Debug|Any CPU
		{0DC0D232-8ACF-4CDB-B1C1-C850500BD8A7}.Debug|Any CPU.Build.0 = Debug|Any CPU
		{0DC0D232-8ACF-4CDB-B1C1-C850500BD8A7}.Release|Any CPU.ActiveCfg = Release|Any CPU
		{0DC0D232-8ACF-4CDB-B1C1-C850500BD8A7}.Release|Any CPU.Build.0 = Release|Any CPU
		{C8B24858-1D99-4519-9A1D-CF129CED9ADA}.Debug|Any CPU.ActiveCfg = Debug|Any CPU
		{C8B24858-1D99-4519-9A1D-CF129CED9ADA}.Debug|Any CPU.Build.0 = Debug|Any CPU
		{C8B24858-1D99-4519-9A1D-CF129CED9ADA}.Release|Any CPU.ActiveCfg = Release|Any CPU
		{C8B24858-1D99-4519-9A1D-CF129CED9ADA}.Release|Any CPU.Build.0 = Release|Any CPU
		{AA8663B3-4B31-4F11-BD73-9CC3EF99101F}.Debug|Any CPU.ActiveCfg = Debug|Any CPU
		{AA8663B3-4B31-4F11-BD73-9CC3EF99101F}.Debug|Any CPU.Build.0 = Debug|Any CPU
		{AA8663B3-4B31-4F11-BD73-9CC3EF99101F}.Release|Any CPU.ActiveCfg = Release|Any CPU
		{AA8663B3-4B31-4F11-BD73-9CC3EF99101F}.Release|Any CPU.Build.0 = Release|Any CPU
		{61209491-B242-4237-A7B3-A6196906471A}.Debug|Any CPU.ActiveCfg = Debug|Any CPU
		{61209491-B242-4237-A7B3-A6196906471A}.Debug|Any CPU.Build.0 = Debug|Any CPU
		{61209491-B242-4237-A7B3-A6196906471A}.Release|Any CPU.ActiveCfg = Release|Any CPU
		{61209491-B242-4237-A7B3-A6196906471A}.Release|Any CPU.Build.0 = Release|Any CPU
		{5A60686C-3D45-4AEB-B0F7-6560C51F5A79}.Debug|Any CPU.ActiveCfg = Debug
		{5A60686C-3D45-4AEB-B0F7-6560C51F5A79}.Release|Any CPU.ActiveCfg = Release
	EndGlobalSection
	GlobalSection(SolutionProperties) = preSolution
		HideSolutionNode = FALSE
	EndGlobalSection
EndGlobal
