
Microsoft Visual Studio Solution File, Format Version 10.00
# Visual Studio 2008
Project("{FAE04EC0-301F-11D3-BF4B-00C04F79EFBC}") = "DSCUpdater", "DSCUpdater\DSCUpdater.csproj", "{4DBB7D3D-F7A2-4673-83A1-AC51C821C4C1}"
EndProject
Project("{2150E333-8FDC-42A3-9474-1A3956D46DE8}") = "Solution Items", "Solution Items", "{4F6BE10C-9FAD-4388-B4F6-DA3461AE4A4C}"
EndProject
Project("{54435603-DBB4-11D2-8724-00A0C9A8B90C}") = "DSCUpdaterSetup", "DSCUpdaterSetup\DSCUpdaterSetup.vdproj", "{F4BA0D02-DFA2-471E-9BF0-2413BF0C08D2}"
EndProject
Global
	GlobalSection(SolutionConfigurationPlatforms) = preSolution
		Debug|Any CPU = Debug|Any CPU
		Release|Any CPU = Release|Any CPU
	EndGlobalSection
	GlobalSection(ProjectConfigurationPlatforms) = postSolution
		{4DBB7D3D-F7A2-4673-83A1-AC51C821C4C1}.Debug|Any CPU.ActiveCfg = Debug|Any CPU
		{4DBB7D3D-F7A2-4673-83A1-AC51C821C4C1}.Debug|Any CPU.Build.0 = Debug|Any CPU
		{4DBB7D3D-F7A2-4673-83A1-AC51C821C4C1}.Release|Any CPU.ActiveCfg = Release|Any CPU
		{4DBB7D3D-F7A2-4673-83A1-AC51C821C4C1}.Release|Any CPU.Build.0 = Release|Any CPU
		{F4BA0D02-DFA2-471E-9BF0-2413BF0C08D2}.Debug|Any CPU.ActiveCfg = Debug
		{F4BA0D02-DFA2-471E-9BF0-2413BF0C08D2}.Release|Any CPU.ActiveCfg = Release
	EndGlobalSection
	GlobalSection(SolutionProperties) = preSolution
		HideSolutionNode = FALSE
	EndGlobalSection
EndGlobal
