
Microsoft Visual Studio Solution File, Format Version 10.00
# Visual Studio 2008
Project("{FAE04EC0-301F-11D3-BF4B-00C04F79EFBC}") = "FFEUpdater", "FFEUpdater\FFEUpdater.csproj", "{6EEDECC2-546E-48AF-9016-85E09E95F3C2}"
EndProject
Project("{54435603-DBB4-11D2-8724-00A0C9A8B90C}") = "FFEUpdaterSetup", "FFEUpdaterSetup\FFEUpdaterSetup.vdproj", "{0DDDEABE-460A-431A-A24C-7238DBB6FD96}"
EndProject
Global
	GlobalSection(SolutionConfigurationPlatforms) = preSolution
		Debug|Any CPU = Debug|Any CPU
		Release|Any CPU = Release|Any CPU
	EndGlobalSection
	GlobalSection(ProjectConfigurationPlatforms) = postSolution
		{6EEDECC2-546E-48AF-9016-85E09E95F3C2}.Debug|Any CPU.ActiveCfg = Debug|Any CPU
		{6EEDECC2-546E-48AF-9016-85E09E95F3C2}.Debug|Any CPU.Build.0 = Debug|Any CPU
		{6EEDECC2-546E-48AF-9016-85E09E95F3C2}.Release|Any CPU.ActiveCfg = Release|Any CPU
		{6EEDECC2-546E-48AF-9016-85E09E95F3C2}.Release|Any CPU.Build.0 = Release|Any CPU
		{0DDDEABE-460A-431A-A24C-7238DBB6FD96}.Debug|Any CPU.ActiveCfg = Debug
		{0DDDEABE-460A-431A-A24C-7238DBB6FD96}.Release|Any CPU.ActiveCfg = Release
	EndGlobalSection
	GlobalSection(SolutionProperties) = preSolution
		HideSolutionNode = FALSE
	EndGlobalSection
EndGlobal
