Microsoft Visual Studio Solution File, Format Version 8.00
Project("{FAE04EC0-301F-11D3-BF4B-00C04F79EFBC}") = "CharacterizationQueriesManager", "CharacterizationQueriesManager.csproj", "{1489F1BD-4E32-4A0E-9613-241A87836FBC}"
	ProjectSection(ProjectDependencies) = postProject
	EndProjectSection
EndProject
Project("{FAE04EC0-301F-11D3-BF4B-00C04F79EFBC}") = "SystemsAnalysis.Utils.ArcObjects.MapControl.PanZoom", "\\Cassio\modeling\Model_Programs\DotNet\ArcObjectsUtils\MapControlUtils\PanZoom_Commands\SystemsAnalysis.Utils.ArcObjects.MapControl.PanZoom.csproj", "{120CF791-801E-4669-8D65-174DCABF47EC}"
	ProjectSection(ProjectDependencies) = postProject
	EndProjectSection
EndProject
Project("{FAE04EC0-301F-11D3-BF4B-00C04F79EFBC}") = "SystemsAnalysis.Utils.ArcObjects.MapControl.SelectCommands", "\\Cassio\modeling\Model_Programs\DotNet\ArcObjectsUtils\MapControlUtils\Select_Commands\SystemsAnalysis.Utils.ArcObjects.MapControl.SelectCommands.csproj", "{63AD8943-A61C-4AC7-B6F8-DA20E063E64F}"
	ProjectSection(ProjectDependencies) = postProject
	EndProjectSection
EndProject
Project("{FAE04EC0-301F-11D3-BF4B-00C04F79EFBC}") = "SystemsAnalysis.Modeling", "..\..\DotNet\Modeling\SystemsAnalysis.Modeling.csproj", "{54555B74-906E-4D29-9BC3-7653805B6AD0}"
	ProjectSection(ProjectDependencies) = postProject
	EndProjectSection
EndProject
Project("{FAE04EC0-301F-11D3-BF4B-00C04F79EFBC}") = "SystemsAnalysis.Tracer", "..\..\DotNet\Tracer\SystemsAnalysis.Tracer.csproj", "{C8B24858-1D99-4519-9A1D-CF129CED9ADA}"
	ProjectSection(ProjectDependencies) = postProject
	EndProjectSection
EndProject
Project("{FAE04EC0-301F-11D3-BF4B-00C04F79EFBC}") = "SystemsAnalysis.DataAccess", "..\..\DotNet\DataAccess\SystemsAnalysis.DataAccess.csproj", "{D81499E0-ED3E-4C85-9F8E-72C263AA24C4}"
	ProjectSection(ProjectDependencies) = postProject
	EndProjectSection
EndProject
Project("{FAE04EC0-301F-11D3-BF4B-00C04F79EFBC}") = "SystemsAnalysis.Utils.ArcObjects.MapControl.MapControlHelper", "..\..\DotNet\ArcObjectsUtils\MapControlUtils\MapControlHelper\SystemsAnalysis.Utils.ArcObjects.MapControl.MapControlHelper.csproj", "{D08971DD-9DAD-4DE1-88CA-35EE30AB6B23}"
	ProjectSection(ProjectDependencies) = postProject
	EndProjectSection
EndProject
Project("{FAE04EC0-301F-11D3-BF4B-00C04F79EFBC}") = "SystemsAnalysis.Types", "..\..\DotNet\Types\SystemsAnalysis.Types.csproj", "{AFB81561-9859-4FA2-86AD-0C6833488E41}"
	ProjectSection(ProjectDependencies) = postProject
	EndProjectSection
EndProject
Project("{FAE04EC0-301F-11D3-BF4B-00C04F79EFBC}") = "SystemsAnalysis.Modeling.PumpStations", "..\..\DotNet\PumpStations\SystemsAnalysis.Modeling.PumpStations.csproj", "{3623E8C3-4DFB-4635-801C-C577328937C3}"
	ProjectSection(ProjectDependencies) = postProject
	EndProjectSection
EndProject
Project("{FAE04EC0-301F-11D3-BF4B-00C04F79EFBC}") = "SystemsAnalysis.Utils.EventHandlers", "..\EventHandlerUtils\SystemsAnalysis.Utils.EventHandlers.csproj", "{9AE8BF25-3ABF-402D-BC63-841E8588D20C}"
	ProjectSection(ProjectDependencies) = postProject
	EndProjectSection
EndProject
Global
	GlobalSection(SolutionConfiguration) = preSolution
		Debug = Debug
		Release = Release
	EndGlobalSection
	GlobalSection(ProjectConfiguration) = postSolution
		{1489F1BD-4E32-4A0E-9613-241A87836FBC}.Debug.ActiveCfg = Debug|.NET
		{1489F1BD-4E32-4A0E-9613-241A87836FBC}.Debug.Build.0 = Debug|.NET
		{1489F1BD-4E32-4A0E-9613-241A87836FBC}.Release.ActiveCfg = Release|.NET
		{1489F1BD-4E32-4A0E-9613-241A87836FBC}.Release.Build.0 = Release|.NET
		{120CF791-801E-4669-8D65-174DCABF47EC}.Debug.ActiveCfg = Debug|.NET
		{120CF791-801E-4669-8D65-174DCABF47EC}.Debug.Build.0 = Debug|.NET
		{120CF791-801E-4669-8D65-174DCABF47EC}.Release.ActiveCfg = Release|.NET
		{120CF791-801E-4669-8D65-174DCABF47EC}.Release.Build.0 = Release|.NET
		{63AD8943-A61C-4AC7-B6F8-DA20E063E64F}.Debug.ActiveCfg = Debug|.NET
		{63AD8943-A61C-4AC7-B6F8-DA20E063E64F}.Debug.Build.0 = Debug|.NET
		{63AD8943-A61C-4AC7-B6F8-DA20E063E64F}.Release.ActiveCfg = Release|.NET
		{63AD8943-A61C-4AC7-B6F8-DA20E063E64F}.Release.Build.0 = Release|.NET
		{54555B74-906E-4D29-9BC3-7653805B6AD0}.Debug.ActiveCfg = Debug|.NET
		{54555B74-906E-4D29-9BC3-7653805B6AD0}.Debug.Build.0 = Debug|.NET
		{54555B74-906E-4D29-9BC3-7653805B6AD0}.Release.ActiveCfg = Release|.NET
		{54555B74-906E-4D29-9BC3-7653805B6AD0}.Release.Build.0 = Release|.NET
		{C8B24858-1D99-4519-9A1D-CF129CED9ADA}.Debug.ActiveCfg = Debug|.NET
		{C8B24858-1D99-4519-9A1D-CF129CED9ADA}.Debug.Build.0 = Debug|.NET
		{C8B24858-1D99-4519-9A1D-CF129CED9ADA}.Release.ActiveCfg = Release|.NET
		{C8B24858-1D99-4519-9A1D-CF129CED9ADA}.Release.Build.0 = Release|.NET
		{D81499E0-ED3E-4C85-9F8E-72C263AA24C4}.Debug.ActiveCfg = Debug|.NET
		{D81499E0-ED3E-4C85-9F8E-72C263AA24C4}.Debug.Build.0 = Debug|.NET
		{D81499E0-ED3E-4C85-9F8E-72C263AA24C4}.Release.ActiveCfg = Release|.NET
		{D81499E0-ED3E-4C85-9F8E-72C263AA24C4}.Release.Build.0 = Release|.NET
		{D08971DD-9DAD-4DE1-88CA-35EE30AB6B23}.Debug.ActiveCfg = Debug|.NET
		{D08971DD-9DAD-4DE1-88CA-35EE30AB6B23}.Debug.Build.0 = Debug|.NET
		{D08971DD-9DAD-4DE1-88CA-35EE30AB6B23}.Release.ActiveCfg = Release|.NET
		{D08971DD-9DAD-4DE1-88CA-35EE30AB6B23}.Release.Build.0 = Release|.NET
		{AFB81561-9859-4FA2-86AD-0C6833488E41}.Debug.ActiveCfg = Debug|.NET
		{AFB81561-9859-4FA2-86AD-0C6833488E41}.Debug.Build.0 = Debug|.NET
		{AFB81561-9859-4FA2-86AD-0C6833488E41}.Release.ActiveCfg = Release|.NET
		{AFB81561-9859-4FA2-86AD-0C6833488E41}.Release.Build.0 = Release|.NET
		{3623E8C3-4DFB-4635-801C-C577328937C3}.Debug.ActiveCfg = Debug|.NET
		{3623E8C3-4DFB-4635-801C-C577328937C3}.Debug.Build.0 = Debug|.NET
		{3623E8C3-4DFB-4635-801C-C577328937C3}.Release.ActiveCfg = Release|.NET
		{3623E8C3-4DFB-4635-801C-C577328937C3}.Release.Build.0 = Release|.NET
		{9AE8BF25-3ABF-402D-BC63-841E8588D20C}.Debug.ActiveCfg = Debug|.NET
		{9AE8BF25-3ABF-402D-BC63-841E8588D20C}.Debug.Build.0 = Debug|.NET
		{9AE8BF25-3ABF-402D-BC63-841E8588D20C}.Release.ActiveCfg = Release|.NET
		{9AE8BF25-3ABF-402D-BC63-841E8588D20C}.Release.Build.0 = Release|.NET
	EndGlobalSection
	GlobalSection(ExtensibilityGlobals) = postSolution
	EndGlobalSection
	GlobalSection(ExtensibilityAddIns) = postSolution
	EndGlobalSection
EndGlobal
