Microsoft Visual Studio Solution File, Format Version 9.00
# Visual Studio 2005
Project("{FAE04EC0-301F-11D3-BF4B-00C04F79EFBC}") = "SystemsAnalysis.Modeling", "SystemsAnalysis.Modeling.csproj", "{54555B74-906E-4D29-9BC3-7653805B6AD0}"
EndProject
Project("{FAE04EC0-301F-11D3-BF4B-00C04F79EFBC}") = "SystemsAnalysis.DataAccess", "..\DataAccess\SystemsAnalysis.DataAccess.csproj", "{D81499E0-ED3E-4C85-9F8E-72C263AA24C4}"
EndProject
Project("{FAE04EC0-301F-11D3-BF4B-00C04F79EFBC}") = "SystemsAnalysis.Types", "..\Types\SystemsAnalysis.Types.csproj", "{AFB81561-9859-4FA2-86AD-0C6833488E41}"
EndProject
Project("{FAE04EC0-301F-11D3-BF4B-00C04F79EFBC}") = "SystemsAnalysis.Utils.Events", "..\DotNetUtils\Events\SystemsAnalysis.Utils.Events.csproj", "{9AE8BF25-3ABF-402D-BC63-841E8588D20C}"
EndProject
Global
	GlobalSection(SolutionConfigurationPlatforms) = preSolution
		Debug|Any CPU = Debug|Any CPU
		Release|Any CPU = Release|Any CPU
	EndGlobalSection
	GlobalSection(ProjectConfigurationPlatforms) = postSolution
		{54555B74-906E-4D29-9BC3-7653805B6AD0}.Debug|Any CPU.ActiveCfg = Debug|Any CPU
		{54555B74-906E-4D29-9BC3-7653805B6AD0}.Debug|Any CPU.Build.0 = Debug|Any CPU
		{54555B74-906E-4D29-9BC3-7653805B6AD0}.Release|Any CPU.ActiveCfg = Release|Any CPU
		{54555B74-906E-4D29-9BC3-7653805B6AD0}.Release|Any CPU.Build.0 = Release|Any CPU
		{D81499E0-ED3E-4C85-9F8E-72C263AA24C4}.Debug|Any CPU.ActiveCfg = Debug|Any CPU
		{D81499E0-ED3E-4C85-9F8E-72C263AA24C4}.Debug|Any CPU.Build.0 = Debug|Any CPU
		{D81499E0-ED3E-4C85-9F8E-72C263AA24C4}.Release|Any CPU.ActiveCfg = Release|Any CPU
		{D81499E0-ED3E-4C85-9F8E-72C263AA24C4}.Release|Any CPU.Build.0 = Release|Any CPU
		{AFB81561-9859-4FA2-86AD-0C6833488E41}.Debug|Any CPU.ActiveCfg = Debug|Any CPU
		{AFB81561-9859-4FA2-86AD-0C6833488E41}.Debug|Any CPU.Build.0 = Debug|Any CPU
		{AFB81561-9859-4FA2-86AD-0C6833488E41}.Release|Any CPU.ActiveCfg = Release|Any CPU
		{AFB81561-9859-4FA2-86AD-0C6833488E41}.Release|Any CPU.Build.0 = Release|Any CPU
		{9AE8BF25-3ABF-402D-BC63-841E8588D20C}.Debug|Any CPU.ActiveCfg = Debug|Any CPU
		{9AE8BF25-3ABF-402D-BC63-841E8588D20C}.Debug|Any CPU.Build.0 = Debug|Any CPU
		{9AE8BF25-3ABF-402D-BC63-841E8588D20C}.Release|Any CPU.ActiveCfg = Release|Any CPU
		{9AE8BF25-3ABF-402D-BC63-841E8588D20C}.Release|Any CPU.Build.0 = Release|Any CPU
	EndGlobalSection
	GlobalSection(SolutionProperties) = preSolution
		HideSolutionNode = FALSE
	EndGlobalSection
EndGlobal
