Microsoft Visual Studio Solution File, Format Version 8.00
Project("{FAE04EC0-301F-11D3-BF4B-00C04F79EFBC}") = "PanZoom", "PanZoom.csproj", "{120CF791-801E-4669-8D65-174DCABF47EC}"
	ProjectSection(ProjectDependencies) = postProject
	EndProjectSection
EndProject
Global
	GlobalSection(SolutionConfiguration) = preSolution
		Debug = Debug
		Release = Release
	EndGlobalSection
	GlobalSection(ProjectConfiguration) = postSolution
		{120CF791-801E-4669-8D65-174DCABF47EC}.Debug.ActiveCfg = Debug|.NET
		{120CF791-801E-4669-8D65-174DCABF47EC}.Debug.Build.0 = Debug|.NET
		{120CF791-801E-4669-8D65-174DCABF47EC}.Release.ActiveCfg = Release|.NET
		{120CF791-801E-4669-8D65-174DCABF47EC}.Release.Build.0 = Release|.NET
	EndGlobalSection
	GlobalSection(ExtensibilityGlobals) = postSolution
	EndGlobalSection
	GlobalSection(ExtensibilityAddIns) = postSolution
	EndGlobalSection
EndGlobal
