
Microsoft Visual Studio Solution File, Format Version 10.00
# Visual Studio 2008
Project("{FAE04EC0-301F-11D3-BF4B-00C04F79EFBC}") = "SWI_2", "SWI_2\SWI_2.csproj", "{EC16E699-E48F-4205-84D7-44B1268AD322}"
EndProject
Project("{FAE04EC0-301F-11D3-BF4B-00C04F79EFBC}") = "SystemsAnalysis.Utils.AccessUtils.DatabaseManagement", "..\..\AccessUtils\DatabaseManagement\SystemsAnalysis.Utils.AccessUtils.DatabaseManagement.csproj", "{1DCF1AAE-A211-4A29-AE5C-13AAAD890B08}"
EndProject
Project("{FAE04EC0-301F-11D3-BF4B-00C04F79EFBC}") = "DataMobility", "..\..\DataMobility\DatabaseManagement\DataMobility\DataMobility.csproj", "{602C8FF3-87CE-4F71-9223-22B03B25E3E6}"
EndProject
Project("{FAE04EC0-301F-11D3-BF4B-00C04F79EFBC}") = "SQLHelper", "..\..\SQLUtils\DatabaseManagement\SQLHelper\SQLHelper.csproj", "{1006FC80-FBAF-4C21-B368-3944DD5EC364}"
EndProject
Global
	GlobalSection(SolutionConfigurationPlatforms) = preSolution
		Debug|Any CPU = Debug|Any CPU
		Release|Any CPU = Release|Any CPU
	EndGlobalSection
	GlobalSection(ProjectConfigurationPlatforms) = postSolution
		{EC16E699-E48F-4205-84D7-44B1268AD322}.Debug|Any CPU.ActiveCfg = Debug|Any CPU
		{EC16E699-E48F-4205-84D7-44B1268AD322}.Debug|Any CPU.Build.0 = Debug|Any CPU
		{EC16E699-E48F-4205-84D7-44B1268AD322}.Release|Any CPU.ActiveCfg = Release|Any CPU
		{EC16E699-E48F-4205-84D7-44B1268AD322}.Release|Any CPU.Build.0 = Release|Any CPU
		{1DCF1AAE-A211-4A29-AE5C-13AAAD890B08}.Debug|Any CPU.ActiveCfg = Debug|Any CPU
		{1DCF1AAE-A211-4A29-AE5C-13AAAD890B08}.Debug|Any CPU.Build.0 = Debug|Any CPU
		{1DCF1AAE-A211-4A29-AE5C-13AAAD890B08}.Release|Any CPU.ActiveCfg = Release|Any CPU
		{1DCF1AAE-A211-4A29-AE5C-13AAAD890B08}.Release|Any CPU.Build.0 = Release|Any CPU
		{602C8FF3-87CE-4F71-9223-22B03B25E3E6}.Debug|Any CPU.ActiveCfg = Debug|Any CPU
		{602C8FF3-87CE-4F71-9223-22B03B25E3E6}.Debug|Any CPU.Build.0 = Debug|Any CPU
		{602C8FF3-87CE-4F71-9223-22B03B25E3E6}.Release|Any CPU.ActiveCfg = Release|Any CPU
		{602C8FF3-87CE-4F71-9223-22B03B25E3E6}.Release|Any CPU.Build.0 = Release|Any CPU
		{1006FC80-FBAF-4C21-B368-3944DD5EC364}.Debug|Any CPU.ActiveCfg = Debug|Any CPU
		{1006FC80-FBAF-4C21-B368-3944DD5EC364}.Debug|Any CPU.Build.0 = Debug|Any CPU
		{1006FC80-FBAF-4C21-B368-3944DD5EC364}.Release|Any CPU.ActiveCfg = Release|Any CPU
		{1006FC80-FBAF-4C21-B368-3944DD5EC364}.Release|Any CPU.Build.0 = Release|Any CPU
	EndGlobalSection
	GlobalSection(SolutionProperties) = preSolution
		HideSolutionNode = FALSE
	EndGlobalSection
EndGlobal
