
Microsoft Visual Studio Solution File, Format Version 10.00
# Visual Studio 2008
Project("{54435603-DBB4-11D2-8724-00A0C9A8B90C}") = "ArchiveAssistantSetup", "ArchiveAssistantSetup.vdproj", "{C4860D89-E272-4B2C-B320-5A9391D3F0A8}"
EndProject
Global
	GlobalSection(SolutionConfigurationPlatforms) = preSolution
		Debug|Default = Debug|Default
		Release|Default = Release|Default
	EndGlobalSection
	GlobalSection(ProjectConfigurationPlatforms) = postSolution
		{C4860D89-E272-4B2C-B320-5A9391D3F0A8}.Debug|Default.ActiveCfg = Debug
		{C4860D89-E272-4B2C-B320-5A9391D3F0A8}.Debug|Default.Build.0 = Debug
		{C4860D89-E272-4B2C-B320-5A9391D3F0A8}.Release|Default.ActiveCfg = Release
		{C4860D89-E272-4B2C-B320-5A9391D3F0A8}.Release|Default.Build.0 = Release
	EndGlobalSection
	GlobalSection(SolutionProperties) = preSolution
		HideSolutionNode = FALSE
	EndGlobalSection
EndGlobal
