
Microsoft Visual Studio Solution File, Format Version 10.00
# Visual Studio 2008
Project("{FAE04EC0-301F-11D3-BF4B-00C04F79EFBC}") = "DataAccessTestBench", "DataAccessTestBench\DataAccessTestBench.csproj", "{68CA3EBD-B0F2-4899-84E4-D5BEF632EB14}"
EndProject
Project("{FAE04EC0-301F-11D3-BF4B-00C04F79EFBC}") = "SystemsAnalysis.DataAccess", "..\DataAccess\SystemsAnalysis.DataAccess.csproj", "{D81499E0-ED3E-4C85-9F8E-72C263AA24C4}"
EndProject
Project("{FAE04EC0-301F-11D3-BF4B-00C04F79EFBC}") = "SystemsAnalysis.Utils.AccessUtils.DatabaseManagement", "..\AccessUtils\DatabaseManagement\SystemsAnalysis.Utils.AccessUtils.DatabaseManagement.csproj", "{1DCF1AAE-A211-4A29-AE5C-13AAAD890B08}"
EndProject
Project("{FAE04EC0-301F-11D3-BF4B-00C04F79EFBC}") = "SystemsAnalysis.Reporting.ReportLibraries", "..\ReportLibraries\SystemsAnalysis.Reporting.ReportLibraries.csproj", "{5B1CB42C-93D9-4C90-902B-AF403D8ECED8}"
EndProject
Project("{FAE04EC0-301F-11D3-BF4B-00C04F79EFBC}") = "SystemsAnalysis.Modeling.ModelUtils.ResultsExtractor", "..\ModelingUtils\ResultsExtractor\SystemsAnalysis.Modeling.ModelUtils.ResultsExtractor.csproj", "{AA8663B3-4B31-4F11-BD73-9CC3EF99101F}"
EndProject
Global
	GlobalSection(SolutionConfigurationPlatforms) = preSolution
		Debug|Any CPU = Debug|Any CPU
		Release|Any CPU = Release|Any CPU
	EndGlobalSection
	GlobalSection(ProjectConfigurationPlatforms) = postSolution
		{68CA3EBD-B0F2-4899-84E4-D5BEF632EB14}.Debug|Any CPU.ActiveCfg = Debug|Any CPU
		{68CA3EBD-B0F2-4899-84E4-D5BEF632EB14}.Debug|Any CPU.Build.0 = Debug|Any CPU
		{68CA3EBD-B0F2-4899-84E4-D5BEF632EB14}.Release|Any CPU.ActiveCfg = Release|Any CPU
		{68CA3EBD-B0F2-4899-84E4-D5BEF632EB14}.Release|Any CPU.Build.0 = Release|Any CPU
		{D81499E0-ED3E-4C85-9F8E-72C263AA24C4}.Debug|Any CPU.ActiveCfg = Debug|Any CPU
		{D81499E0-ED3E-4C85-9F8E-72C263AA24C4}.Debug|Any CPU.Build.0 = Debug|Any CPU
		{D81499E0-ED3E-4C85-9F8E-72C263AA24C4}.Release|Any CPU.ActiveCfg = Release|Any CPU
		{D81499E0-ED3E-4C85-9F8E-72C263AA24C4}.Release|Any CPU.Build.0 = Release|Any CPU
		{1DCF1AAE-A211-4A29-AE5C-13AAAD890B08}.Debug|Any CPU.ActiveCfg = Debug|Any CPU
		{1DCF1AAE-A211-4A29-AE5C-13AAAD890B08}.Debug|Any CPU.Build.0 = Debug|Any CPU
		{1DCF1AAE-A211-4A29-AE5C-13AAAD890B08}.Release|Any CPU.ActiveCfg = Release|Any CPU
		{1DCF1AAE-A211-4A29-AE5C-13AAAD890B08}.Release|Any CPU.Build.0 = Release|Any CPU
		{5B1CB42C-93D9-4C90-902B-AF403D8ECED8}.Debug|Any CPU.ActiveCfg = Debug|Any CPU
		{5B1CB42C-93D9-4C90-902B-AF403D8ECED8}.Debug|Any CPU.Build.0 = Debug|Any CPU
		{5B1CB42C-93D9-4C90-902B-AF403D8ECED8}.Release|Any CPU.ActiveCfg = Release|Any CPU
		{5B1CB42C-93D9-4C90-902B-AF403D8ECED8}.Release|Any CPU.Build.0 = Release|Any CPU
		{AA8663B3-4B31-4F11-BD73-9CC3EF99101F}.Debug|Any CPU.ActiveCfg = Debug|Any CPU
		{AA8663B3-4B31-4F11-BD73-9CC3EF99101F}.Debug|Any CPU.Build.0 = Debug|Any CPU
		{AA8663B3-4B31-4F11-BD73-9CC3EF99101F}.Release|Any CPU.ActiveCfg = Release|Any CPU
		{AA8663B3-4B31-4F11-BD73-9CC3EF99101F}.Release|Any CPU.Build.0 = Release|Any CPU
	EndGlobalSection
	GlobalSection(SolutionProperties) = preSolution
		HideSolutionNode = FALSE
	EndGlobalSection
EndGlobal
