
Microsoft Visual Studio Solution File, Format Version 9.00
# Visual Studio 2005
Project("{FAE04EC0-301F-11D3-BF4B-00C04F79EFBC}") = "SystemsAnalysis.ModelConstruction.ModelConfiguration", "ModelConfiguration\SystemsAnalysis.ModelConstruction.ModelConfiguration.csproj", "{19DE0713-65B7-4D46-A537-49704F93CB90}"
EndProject
Project("{FAE04EC0-301F-11D3-BF4B-00C04F79EFBC}") = "SystemsAnalysis.ModelConstruction.TestBench", "ModelBuilderTestBench\SystemsAnalysis.ModelConstruction.TestBench.csproj", "{BA32E1E5-CBA1-4598-A3FC-3F59FEF3D071}"
EndProject
Project("{FAE04EC0-301F-11D3-BF4B-00C04F79EFBC}") = "SystemsAnalysis.ModelConstruction.ModelBuilder", "ModelBuilder\SystemsAnalysis.ModelConstruction.ModelBuilder.csproj", "{B6E1DEF7-D4EB-4D0A-8867-A324FE226D34}"
EndProject
Project("{FAE04EC0-301F-11D3-BF4B-00C04F79EFBC}") = "SystemsAnalysis.Utils.AccessUtils.DatabaseManagement", "..\AccessUtils\DatabaseManagement\SystemsAnalysis.Utils.AccessUtils.DatabaseManagement.csproj", "{1DCF1AAE-A211-4A29-AE5C-13AAAD890B08}"
EndProject
Global
	GlobalSection(SolutionConfigurationPlatforms) = preSolution
		Debug|Any CPU = Debug|Any CPU
		Release|Any CPU = Release|Any CPU
	EndGlobalSection
	GlobalSection(ProjectConfigurationPlatforms) = postSolution
		{19DE0713-65B7-4D46-A537-49704F93CB90}.Debug|Any CPU.ActiveCfg = Debug|Any CPU
		{19DE0713-65B7-4D46-A537-49704F93CB90}.Debug|Any CPU.Build.0 = Debug|Any CPU
		{19DE0713-65B7-4D46-A537-49704F93CB90}.Release|Any CPU.ActiveCfg = Release|Any CPU
		{19DE0713-65B7-4D46-A537-49704F93CB90}.Release|Any CPU.Build.0 = Release|Any CPU
		{BA32E1E5-CBA1-4598-A3FC-3F59FEF3D071}.Debug|Any CPU.ActiveCfg = Debug|Any CPU
		{BA32E1E5-CBA1-4598-A3FC-3F59FEF3D071}.Debug|Any CPU.Build.0 = Debug|Any CPU
		{BA32E1E5-CBA1-4598-A3FC-3F59FEF3D071}.Release|Any CPU.ActiveCfg = Release|Any CPU
		{BA32E1E5-CBA1-4598-A3FC-3F59FEF3D071}.Release|Any CPU.Build.0 = Release|Any CPU
		{B6E1DEF7-D4EB-4D0A-8867-A324FE226D34}.Debug|Any CPU.ActiveCfg = Debug|Any CPU
		{B6E1DEF7-D4EB-4D0A-8867-A324FE226D34}.Debug|Any CPU.Build.0 = Debug|Any CPU
		{B6E1DEF7-D4EB-4D0A-8867-A324FE226D34}.Release|Any CPU.ActiveCfg = Release|Any CPU
		{B6E1DEF7-D4EB-4D0A-8867-A324FE226D34}.Release|Any CPU.Build.0 = Release|Any CPU
		{1DCF1AAE-A211-4A29-AE5C-13AAAD890B08}.Debug|Any CPU.ActiveCfg = Debug|Any CPU
		{1DCF1AAE-A211-4A29-AE5C-13AAAD890B08}.Debug|Any CPU.Build.0 = Debug|Any CPU
		{1DCF1AAE-A211-4A29-AE5C-13AAAD890B08}.Release|Any CPU.ActiveCfg = Release|Any CPU
		{1DCF1AAE-A211-4A29-AE5C-13AAAD890B08}.Release|Any CPU.Build.0 = Release|Any CPU
	EndGlobalSection
	GlobalSection(SolutionProperties) = preSolution
		HideSolutionNode = FALSE
	EndGlobalSection
EndGlobal
