
Microsoft Visual Studio Solution File, Format Version 10.00
# Visual Studio 2008
Project("{FAE04EC0-301F-11D3-BF4B-00C04F79EFBC}") = "PumpCycleDataAnalyzer", "PumpCycleDataAnalyzer.csproj", "{252D5812-16D0-4638-B06E-8F6E92C3CE69}"
EndProject
Project("{54435603-DBB4-11D2-8724-00A0C9A8B90C}") = "PumpCycleDataAnalyzerSetup", "PumpCycleDataAnalyzerSetup\PumpCycleDataAnalyzerSetup.vdproj", "{2BCA8E36-1F14-4624-A924-2960AA38D656}"
EndProject
Global
	GlobalSection(SolutionConfigurationPlatforms) = preSolution
		Debug|Any CPU = Debug|Any CPU
		Release|Any CPU = Release|Any CPU
	EndGlobalSection
	GlobalSection(ProjectConfigurationPlatforms) = postSolution
		{252D5812-16D0-4638-B06E-8F6E92C3CE69}.Debug|Any CPU.ActiveCfg = Debug|Any CPU
		{252D5812-16D0-4638-B06E-8F6E92C3CE69}.Debug|Any CPU.Build.0 = Debug|Any CPU
		{252D5812-16D0-4638-B06E-8F6E92C3CE69}.Release|Any CPU.ActiveCfg = Release|Any CPU
		{252D5812-16D0-4638-B06E-8F6E92C3CE69}.Release|Any CPU.Build.0 = Release|Any CPU
		{2BCA8E36-1F14-4624-A924-2960AA38D656}.Debug|Any CPU.ActiveCfg = Debug
		{2BCA8E36-1F14-4624-A924-2960AA38D656}.Release|Any CPU.ActiveCfg = Release
	EndGlobalSection
	GlobalSection(SolutionProperties) = preSolution
		HideSolutionNode = FALSE
	EndGlobalSection
EndGlobal
