
Microsoft Visual Studio Solution File, Format Version 10.00
# Visual Studio 2008
Project("{FAE04EC0-301F-11D3-BF4B-00C04F79EFBC}") = "ResultsExtractorTestBench", "ResultsExtractorTestBench\ResultsExtractorTestBench.csproj", "{6C1FE5E8-D100-43D8-B075-3498E1E277E8}"
EndProject
Project("{FAE04EC0-301F-11D3-BF4B-00C04F79EFBC}") = "SystemsAnalysis.Modeling.ModelUtils.ResultsExtractor", "ResultsExtractor\SystemsAnalysis.Modeling.ModelUtils.ResultsExtractor.csproj", "{AA8663B3-4B31-4F11-BD73-9CC3EF99101F}"
EndProject
Project("{FAE04EC0-301F-11D3-BF4B-00C04F79EFBC}") = "SystemsAnalysis.Utils.AccessUtils.DatabaseManagement", "..\AccessUtils\DatabaseManagement\SystemsAnalysis.Utils.AccessUtils.DatabaseManagement.csproj", "{1DCF1AAE-A211-4A29-AE5C-13AAAD890B08}"
EndProject
Global
	GlobalSection(SolutionConfigurationPlatforms) = preSolution
		Debug|Any CPU = Debug|Any CPU
		Release|Any CPU = Release|Any CPU
	EndGlobalSection
	GlobalSection(ProjectConfigurationPlatforms) = postSolution
		{6C1FE5E8-D100-43D8-B075-3498E1E277E8}.Debug|Any CPU.ActiveCfg = Debug|Any CPU
		{6C1FE5E8-D100-43D8-B075-3498E1E277E8}.Debug|Any CPU.Build.0 = Debug|Any CPU
		{6C1FE5E8-D100-43D8-B075-3498E1E277E8}.Release|Any CPU.ActiveCfg = Release|Any CPU
		{6C1FE5E8-D100-43D8-B075-3498E1E277E8}.Release|Any CPU.Build.0 = Release|Any CPU
		{AA8663B3-4B31-4F11-BD73-9CC3EF99101F}.Debug|Any CPU.ActiveCfg = Debug|Any CPU
		{AA8663B3-4B31-4F11-BD73-9CC3EF99101F}.Debug|Any CPU.Build.0 = Debug|Any CPU
		{AA8663B3-4B31-4F11-BD73-9CC3EF99101F}.Release|Any CPU.ActiveCfg = Release|Any CPU
		{AA8663B3-4B31-4F11-BD73-9CC3EF99101F}.Release|Any CPU.Build.0 = Release|Any CPU
		{1DCF1AAE-A211-4A29-AE5C-13AAAD890B08}.Debug|Any CPU.ActiveCfg = Debug|Any CPU
		{1DCF1AAE-A211-4A29-AE5C-13AAAD890B08}.Debug|Any CPU.Build.0 = Debug|Any CPU
		{1DCF1AAE-A211-4A29-AE5C-13AAAD890B08}.Release|Any CPU.ActiveCfg = Release|Any CPU
		{1DCF1AAE-A211-4A29-AE5C-13AAAD890B08}.Release|Any CPU.Build.0 = Release|Any CPU
	EndGlobalSection
	GlobalSection(SolutionProperties) = preSolution
		HideSolutionNode = FALSE
	EndGlobalSection
EndGlobal
